// !$*UTF8*$!
{
	archiveVersion = 1;
	classes = {
	};
	objectVersion = 52;
	objects = {

/* Begin PBXBuildFile section */
		32ABADD1427EAEEFE517CCCF /* Pods_MatchingApp.framework in Frameworks */ = {isa = PBXBuildFile; fileRef = F964AA5A614A9A4C98F8B63F /* Pods_MatchingApp.framework */; };
		7304C10C2626A1C900276DF0 /* TopControlView.swift in Sources */ = {isa = PBXBuildFile; fileRef = 7304C10B2626A1C900276DF0 /* TopControlView.swift */; };
		7304C1102626AC9200276DF0 /* RxSwift in Frameworks */ = {isa = PBXBuildFile; productRef = 7304C10F2626AC9200276DF0 /* RxSwift */; };
		7304C1122626AC9200276DF0 /* RxCocoa in Frameworks */ = {isa = PBXBuildFile; productRef = 7304C1112626AC9200276DF0 /* RxCocoa */; };
		7304C1142626AC9200276DF0 /* RxRelay in Frameworks */ = {isa = PBXBuildFile; productRef = 7304C1132626AC9200276DF0 /* RxRelay */; };
		7304C1172626ACF200276DF0 /* .gitignore in Resources */ = {isa = PBXBuildFile; fileRef = 7304C1162626ACF200276DF0 /* .gitignore */; };
		7304C11A2627CD6000276DF0 /* UIView-Extension.swift in Sources */ = {isa = PBXBuildFile; fileRef = 7304C1192627CD6000276DF0 /* UIView-Extension.swift */; };
		7304C11D2627D89B00276DF0 /* CardView.swift in Sources */ = {isa = PBXBuildFile; fileRef = 7304C11C2627D89B00276DF0 /* CardView.swift */; };
		7304C1202627FE9D00276DF0 /* UIColor-Extension.swift in Sources */ = {isa = PBXBuildFile; fileRef = 7304C11F2627FE9D00276DF0 /* UIColor-Extension.swift */; };
		7304C123262922DA00276DF0 /* GoogleService-Info.plist in Resources */ = {isa = PBXBuildFile; fileRef = 7304C122262922DA00276DF0 /* GoogleService-Info.plist */; };
		7304C1322629247A00276DF0 /* RegisterViewController.swift in Sources */ = {isa = PBXBuildFile; fileRef = 7304C1312629247A00276DF0 /* RegisterViewController.swift */; };
		7304C1382629285D00276DF0 /* RegisterTextField.swift in Sources */ = {isa = PBXBuildFile; fileRef = 7304C1372629285D00276DF0 /* RegisterTextField.swift */; };
		7304C13C26292A8400276DF0 /* RegisterTitleLabel.swift in Sources */ = {isa = PBXBuildFile; fileRef = 7304C13B26292A8400276DF0 /* RegisterTitleLabel.swift */; };
		730B81F82631044300F558D4 /* CheckPermission.swift in Sources */ = {isa = PBXBuildFile; fileRef = 730B81F72631044200F558D4 /* CheckPermission.swift */; };
		7315E868262E8B9800D3546A /* ProfileTextField.swift in Sources */ = {isa = PBXBuildFile; fileRef = 7315E867262E8B9800D3546A /* ProfileTextField.swift */; };
		7315E86D262E915A00D3546A /* InfoCollectionViewCell.swift in Sources */ = {isa = PBXBuildFile; fileRef = 7315E86C262E915A00D3546A /* InfoCollectionViewCell.swift */; };
		7381FAFA2625B89C0032C898 /* AppDelegate.swift in Sources */ = {isa = PBXBuildFile; fileRef = 7381FAF92625B89C0032C898 /* AppDelegate.swift */; };
		7381FAFC2625B89C0032C898 /* SceneDelegate.swift in Sources */ = {isa = PBXBuildFile; fileRef = 7381FAFB2625B89C0032C898 /* SceneDelegate.swift */; };
		7381FAFE2625B89C0032C898 /* HomeViewController.swift in Sources */ = {isa = PBXBuildFile; fileRef = 7381FAFD2625B89C0032C898 /* HomeViewController.swift */; };
		7381FB032625B89D0032C898 /* Assets.xcassets in Resources */ = {isa = PBXBuildFile; fileRef = 7381FB022625B89D0032C898 /* Assets.xcassets */; };
		7381FB062625B89D0032C898 /* LaunchScreen.storyboard in Resources */ = {isa = PBXBuildFile; fileRef = 7381FB042625B89D0032C898 /* LaunchScreen.storyboard */; };
		7381FB152625C5A20032C898 /* BottomControlView.swift in Sources */ = {isa = PBXBuildFile; fileRef = 7381FB142625C5A20032C898 /* BottomControlView.swift */; };
		7381FB1A2625DCCE0032C898 /* UIImage-Extension.swift in Sources */ = {isa = PBXBuildFile; fileRef = 7381FB192625DCCE0032C898 /* UIImage-Extension.swift */; };
		7389DCA5262D34FB00A33B19 /* PKHUD in Frameworks */ = {isa = PBXBuildFile; productRef = 7389DCA4262D34FB00A33B19 /* PKHUD */; };
		7389DCA9262D4B3600A33B19 /* User.swift in Sources */ = {isa = PBXBuildFile; fileRef = 7389DCA8262D4B3600A33B19 /* User.swift */; };
		7389DCAD262D7AA800A33B19 /* ProfileViewController.swift in Sources */ = {isa = PBXBuildFile; fileRef = 7389DCAC262D7AA800A33B19 /* ProfileViewController.swift */; };
		7389DCB1262D97B400A33B19 /* ProfileImageView.swift in Sources */ = {isa = PBXBuildFile; fileRef = 7389DCB0262D97B400A33B19 /* ProfileImageView.swift */; };
		7389DCB5262D988800A33B19 /* ProfileLabel.swift in Sources */ = {isa = PBXBuildFile; fileRef = 7389DCB4262D988800A33B19 /* ProfileLabel.swift */; };
		738E442E26292F31008FB8DC /* RegisterButton.swift in Sources */ = {isa = PBXBuildFile; fileRef = 738E442D26292F31008FB8DC /* RegisterButton.swift */; };
		738E44312629326D008FB8DC /* CardInfoLabel.swift in Sources */ = {isa = PBXBuildFile; fileRef = 738E44302629326D008FB8DC /* CardInfoLabel.swift */; };
		738E443426293C74008FB8DC /* UIButton-Extension.swift in Sources */ = {isa = PBXBuildFile; fileRef = 738E443326293C74008FB8DC /* UIButton-Extension.swift */; };
		738E443726293D84008FB8DC /* CardImageView.swift in Sources */ = {isa = PBXBuildFile; fileRef = 738E443626293D84008FB8DC /* CardImageView.swift */; };
		73B711C9262A81D7009D762A /* RegisterViewModel.swift in Sources */ = {isa = PBXBuildFile; fileRef = 73B711C8262A81D7009D762A /* RegisterViewModel.swift */; };
		73B711CD262B2721009D762A /* Firebase-Extension.swift in Sources */ = {isa = PBXBuildFile; fileRef = 73B711CC262B2721009D762A /* Firebase-Extension.swift */; };
		73EDCA4E262BAE36000A3A92 /* LoginViewController.swift in Sources */ = {isa = PBXBuildFile; fileRef = 73EDCA4D262BAE36000A3A92 /* LoginViewController.swift */; };
/* End PBXBuildFile section */

/* Begin PBXFileReference section */
		4B5AFE227456AF0B631B5548 /* Pods-MatchingApp.debug.xcconfig */ = {isa = PBXFileReference; includeInIndex = 1; lastKnownFileType = text.xcconfig; name = "Pods-MatchingApp.debug.xcconfig"; path = "Target Support Files/Pods-MatchingApp/Pods-MatchingApp.debug.xcconfig"; sourceTree = "<group>"; };
		7304C10B2626A1C900276DF0 /* TopControlView.swift */ = {isa = PBXFileReference; lastKnownFileType = sourcecode.swift; path = TopControlView.swift; sourceTree = "<group>"; };
		7304C1162626ACF200276DF0 /* .gitignore */ = {isa = PBXFileReference; lastKnownFileType = text; path = .gitignore; sourceTree = "<group>"; };
		7304C1192627CD6000276DF0 /* UIView-Extension.swift */ = {isa = PBXFileReference; lastKnownFileType = sourcecode.swift; path = "UIView-Extension.swift"; sourceTree = "<group>"; };
		7304C11C2627D89B00276DF0 /* CardView.swift */ = {isa = PBXFileReference; lastKnownFileType = sourcecode.swift; path = CardView.swift; sourceTree = "<group>"; };
		7304C11F2627FE9D00276DF0 /* UIColor-Extension.swift */ = {isa = PBXFileReference; lastKnownFileType = sourcecode.swift; path = "UIColor-Extension.swift"; sourceTree = "<group>"; };
		7304C122262922DA00276DF0 /* GoogleService-Info.plist */ = {isa = PBXFileReference; fileEncoding = 4; lastKnownFileType = text.plist.xml; path = "GoogleService-Info.plist"; sourceTree = "<group>"; };
		7304C1312629247A00276DF0 /* RegisterViewController.swift */ = {isa = PBXFileReference; lastKnownFileType = sourcecode.swift; path = RegisterViewController.swift; sourceTree = "<group>"; };
		7304C1372629285D00276DF0 /* RegisterTextField.swift */ = {isa = PBXFileReference; lastKnownFileType = sourcecode.swift; path = RegisterTextField.swift; sourceTree = "<group>"; };
		7304C13B26292A8400276DF0 /* RegisterTitleLabel.swift */ = {isa = PBXFileReference; lastKnownFileType = sourcecode.swift; path = RegisterTitleLabel.swift; sourceTree = "<group>"; };
		730B81F72631044200F558D4 /* CheckPermission.swift */ = {isa = PBXFileReference; lastKnownFileType = sourcecode.swift; path = CheckPermission.swift; sourceTree = "<group>"; };
		7315E867262E8B9800D3546A /* ProfileTextField.swift */ = {isa = PBXFileReference; lastKnownFileType = sourcecode.swift; path = ProfileTextField.swift; sourceTree = "<group>"; };
		7315E86C262E915A00D3546A /* InfoCollectionViewCell.swift */ = {isa = PBXFileReference; lastKnownFileType = sourcecode.swift; path = InfoCollectionViewCell.swift; sourceTree = "<group>"; };
		7381FAF62625B89C0032C898 /* MatchingApp.app */ = {isa = PBXFileReference; explicitFileType = wrapper.application; includeInIndex = 0; path = MatchingApp.app; sourceTree = BUILT_PRODUCTS_DIR; };
		7381FAF92625B89C0032C898 /* AppDelegate.swift */ = {isa = PBXFileReference; lastKnownFileType = sourcecode.swift; path = AppDelegate.swift; sourceTree = "<group>"; };
		7381FAFB2625B89C0032C898 /* SceneDelegate.swift */ = {isa = PBXFileReference; lastKnownFileType = sourcecode.swift; path = SceneDelegate.swift; sourceTree = "<group>"; };
		7381FAFD2625B89C0032C898 /* HomeViewController.swift */ = {isa = PBXFileReference; lastKnownFileType = sourcecode.swift; path = HomeViewController.swift; sourceTree = "<group>"; };
		7381FB022625B89D0032C898 /* Assets.xcassets */ = {isa = PBXFileReference; lastKnownFileType = folder.assetcatalog; path = Assets.xcassets; sourceTree = "<group>"; };
		7381FB052625B89D0032C898 /* Base */ = {isa = PBXFileReference; lastKnownFileType = file.storyboard; name = Base; path = Base.lproj/LaunchScreen.storyboard; sourceTree = "<group>"; };
		7381FB072625B89D0032C898 /* Info.plist */ = {isa = PBXFileReference; lastKnownFileType = text.plist.xml; path = Info.plist; sourceTree = "<group>"; };
		7381FB142625C5A20032C898 /* BottomControlView.swift */ = {isa = PBXFileReference; lastKnownFileType = sourcecode.swift; path = BottomControlView.swift; sourceTree = "<group>"; };
		7381FB192625DCCE0032C898 /* UIImage-Extension.swift */ = {isa = PBXFileReference; lastKnownFileType = sourcecode.swift; path = "UIImage-Extension.swift"; sourceTree = "<group>"; };
		7389DCA8262D4B3600A33B19 /* User.swift */ = {isa = PBXFileReference; lastKnownFileType = sourcecode.swift; path = User.swift; sourceTree = "<group>"; };
		7389DCAC262D7AA800A33B19 /* ProfileViewController.swift */ = {isa = PBXFileReference; lastKnownFileType = sourcecode.swift; path = ProfileViewController.swift; sourceTree = "<group>"; };
		7389DCB0262D97B400A33B19 /* ProfileImageView.swift */ = {isa = PBXFileReference; lastKnownFileType = sourcecode.swift; path = ProfileImageView.swift; sourceTree = "<group>"; };
		7389DCB4262D988800A33B19 /* ProfileLabel.swift */ = {isa = PBXFileReference; lastKnownFileType = sourcecode.swift; path = ProfileLabel.swift; sourceTree = "<group>"; };
		738E442D26292F31008FB8DC /* RegisterButton.swift */ = {isa = PBXFileReference; lastKnownFileType = sourcecode.swift; path = RegisterButton.swift; sourceTree = "<group>"; };
		738E44302629326D008FB8DC /* CardInfoLabel.swift */ = {isa = PBXFileReference; lastKnownFileType = sourcecode.swift; path = CardInfoLabel.swift; sourceTree = "<group>"; };
		738E443326293C74008FB8DC /* UIButton-Extension.swift */ = {isa = PBXFileReference; lastKnownFileType = sourcecode.swift; path = "UIButton-Extension.swift"; sourceTree = "<group>"; };
		738E443626293D84008FB8DC /* CardImageView.swift */ = {isa = PBXFileReference; lastKnownFileType = sourcecode.swift; path = CardImageView.swift; sourceTree = "<group>"; };
		73B711C8262A81D7009D762A /* RegisterViewModel.swift */ = {isa = PBXFileReference; lastKnownFileType = sourcecode.swift; path = RegisterViewModel.swift; sourceTree = "<group>"; };
		73B711CC262B2721009D762A /* Firebase-Extension.swift */ = {isa = PBXFileReference; lastKnownFileType = sourcecode.swift; path = "Firebase-Extension.swift"; sourceTree = "<group>"; };
		73EDCA4D262BAE36000A3A92 /* LoginViewController.swift */ = {isa = PBXFileReference; lastKnownFileType = sourcecode.swift; path = LoginViewController.swift; sourceTree = "<group>"; };
		C1563188793593FC8C4BAF69 /* Pods-MatchingApp.release.xcconfig */ = {isa = PBXFileReference; includeInIndex = 1; lastKnownFileType = text.xcconfig; name = "Pods-MatchingApp.release.xcconfig"; path = "Target Support Files/Pods-MatchingApp/Pods-MatchingApp.release.xcconfig"; sourceTree = "<group>"; };
		F964AA5A614A9A4C98F8B63F /* Pods_MatchingApp.framework */ = {isa = PBXFileReference; explicitFileType = wrapper.framework; includeInIndex = 0; path = Pods_MatchingApp.framework; sourceTree = BUILT_PRODUCTS_DIR; };
/* End PBXFileReference section */

/* Begin PBXFrameworksBuildPhase section */
		7381FAF32625B89C0032C898 /* Frameworks */ = {
			isa = PBXFrameworksBuildPhase;
			buildActionMask = 2147483647;
			files = (
				7304C1142626AC9200276DF0 /* RxRelay in Frameworks */,
				7304C1122626AC9200276DF0 /* RxCocoa in Frameworks */,
				7304C1102626AC9200276DF0 /* RxSwift in Frameworks */,
				7389DCA5262D34FB00A33B19 /* PKHUD in Frameworks */,
				32ABADD1427EAEEFE517CCCF /* Pods_MatchingApp.framework in Frameworks */,
			);
			runOnlyForDeploymentPostprocessing = 0;
		};
/* End PBXFrameworksBuildPhase section */

/* Begin PBXGroup section */
		7304C1342629280F00276DF0 /* Home */ = {
			isa = PBXGroup;
			children = (
				7381FB142625C5A20032C898 /* BottomControlView.swift */,
				7304C10B2626A1C900276DF0 /* TopControlView.swift */,
				7304C11C2627D89B00276DF0 /* CardView.swift */,
				738E44302629326D008FB8DC /* CardInfoLabel.swift */,
				738E443626293D84008FB8DC /* CardImageView.swift */,
			);
			path = Home;
			sourceTree = "<group>";
		};
		7304C1362629282300276DF0 /* Register */ = {
			isa = PBXGroup;
			children = (
				7304C1372629285D00276DF0 /* RegisterTextField.swift */,
				7304C13B26292A8400276DF0 /* RegisterTitleLabel.swift */,
				738E442D26292F31008FB8DC /* RegisterButton.swift */,
			);
			path = Register;
			sourceTree = "<group>";
		};
		7315E86B262E914700D3546A /* Cells */ = {
			isa = PBXGroup;
			children = (
				7315E86C262E915A00D3546A /* InfoCollectionViewCell.swift */,
			);
			path = Cells;
			sourceTree = "<group>";
		};
		7381FAED2625B89C0032C898 = {
			isa = PBXGroup;
			children = (
				7304C1162626ACF200276DF0 /* .gitignore */,
				7381FAF82625B89C0032C898 /* MatchingApp */,
				7381FAF72625B89C0032C898 /* Products */,
				7A0B0BA3B4ACE6926C1FD8B2 /* Pods */,
				DE9E8944CEC8E48D67A21246 /* Frameworks */,
			);
			sourceTree = "<group>";
		};
		7381FAF72625B89C0032C898 /* Products */ = {
			isa = PBXGroup;
			children = (
				7381FAF62625B89C0032C898 /* MatchingApp.app */,
			);
			name = Products;
			sourceTree = "<group>";
		};
		7381FAF82625B89C0032C898 /* MatchingApp */ = {
			isa = PBXGroup;
			children = (
				7315E86B262E914700D3546A /* Cells */,
				7389DCA7262D4B2A00A33B19 /* Models */,
				7381FAF92625B89C0032C898 /* AppDelegate.swift */,
				7381FAFB2625B89C0032C898 /* SceneDelegate.swift */,
				7381FB1C2625DCE20032C898 /* Extensions */,
				73B711C7262A81BA009D762A /* ViewModel */,
				7381FB132625C5860032C898 /* Views */,
				7381FB112625C5560032C898 /* ViewsControllers */,
				7381FB022625B89D0032C898 /* Assets.xcassets */,
				7381FB042625B89D0032C898 /* LaunchScreen.storyboard */,
				7381FB072625B89D0032C898 /* Info.plist */,
				7304C122262922DA00276DF0 /* GoogleService-Info.plist */,
				730B81F72631044200F558D4 /* CheckPermission.swift */,
			);
			path = MatchingApp;
			sourceTree = "<group>";
		};
		7381FB112625C5560032C898 /* ViewsControllers */ = {
			isa = PBXGroup;
			children = (
				7381FAFD2625B89C0032C898 /* HomeViewController.swift */,
				7304C1312629247A00276DF0 /* RegisterViewController.swift */,
				73EDCA4D262BAE36000A3A92 /* LoginViewController.swift */,
				7389DCAC262D7AA800A33B19 /* ProfileViewController.swift */,
			);
			path = ViewsControllers;
			sourceTree = "<group>";
		};
		7381FB132625C5860032C898 /* Views */ = {
			isa = PBXGroup;
			children = (
				7389DCAF262D97A000A33B19 /* Profile */,
				7304C1362629282300276DF0 /* Register */,
				7304C1342629280F00276DF0 /* Home */,
			);
			path = Views;
			sourceTree = "<group>";
		};
		7381FB1C2625DCE20032C898 /* Extensions */ = {
			isa = PBXGroup;
			children = (
				7381FB192625DCCE0032C898 /* UIImage-Extension.swift */,
				7304C1192627CD6000276DF0 /* UIView-Extension.swift */,
				7304C11F2627FE9D00276DF0 /* UIColor-Extension.swift */,
				738E443326293C74008FB8DC /* UIButton-Extension.swift */,
				73B711CC262B2721009D762A /* Firebase-Extension.swift */,
			);
			path = Extensions;
			sourceTree = "<group>";
		};
		7389DCA7262D4B2A00A33B19 /* Models */ = {
			isa = PBXGroup;
			children = (
				7389DCA8262D4B3600A33B19 /* User.swift */,
			);
			path = Models;
			sourceTree = "<group>";
		};
		7389DCAF262D97A000A33B19 /* Profile */ = {
			isa = PBXGroup;
			children = (
				7389DCB0262D97B400A33B19 /* ProfileImageView.swift */,
				7389DCB4262D988800A33B19 /* ProfileLabel.swift */,
				7315E867262E8B9800D3546A /* ProfileTextField.swift */,
			);
			path = Profile;
			sourceTree = "<group>";
		};
		73B711C7262A81BA009D762A /* ViewModel */ = {
			isa = PBXGroup;
			children = (
				73B711C8262A81D7009D762A /* RegisterViewModel.swift */,
			);
			path = ViewModel;
			sourceTree = "<group>";
		};
		7A0B0BA3B4ACE6926C1FD8B2 /* Pods */ = {
			isa = PBXGroup;
			children = (
				4B5AFE227456AF0B631B5548 /* Pods-MatchingApp.debug.xcconfig */,
				C1563188793593FC8C4BAF69 /* Pods-MatchingApp.release.xcconfig */,
			);
			path = Pods;
			sourceTree = "<group>";
		};
		DE9E8944CEC8E48D67A21246 /* Frameworks */ = {
			isa = PBXGroup;
			children = (
				F964AA5A614A9A4C98F8B63F /* Pods_MatchingApp.framework */,
			);
			name = Frameworks;
			sourceTree = "<group>";
		};
/* End PBXGroup section */

/* Begin PBXNativeTarget section */
		7381FAF52625B89C0032C898 /* MatchingApp */ = {
			isa = PBXNativeTarget;
			buildConfigurationList = 7381FB0A2625B89D0032C898 /* Build configuration list for PBXNativeTarget "MatchingApp" */;
			buildPhases = (
				4800FD63E29EBA94938ADDA4 /* [CP] Check Pods Manifest.lock */,
				7381FAF22625B89C0032C898 /* Sources */,
				7381FAF32625B89C0032C898 /* Frameworks */,
				7381FAF42625B89C0032C898 /* Resources */,
				F48591CD5E7E68DE6C44D49C /* [CP] Embed Pods Frameworks */,
			);
			buildRules = (
			);
			dependencies = (
			);
			name = MatchingApp;
			packageProductDependencies = (
				7304C10F2626AC9200276DF0 /* RxSwift */,
				7304C1112626AC9200276DF0 /* RxCocoa */,
				7304C1132626AC9200276DF0 /* RxRelay */,
				7389DCA4262D34FB00A33B19 /* PKHUD */,
			);
			productName = MatchingApp;
			productReference = 7381FAF62625B89C0032C898 /* MatchingApp.app */;
			productType = "com.apple.product-type.application";
		};
/* End PBXNativeTarget section */

/* Begin PBXProject section */
		7381FAEE2625B89C0032C898 /* Project object */ = {
			isa = PBXProject;
			attributes = {
				LastSwiftUpdateCheck = 1240;
				LastUpgradeCheck = 1240;
				TargetAttributes = {
					7381FAF52625B89C0032C898 = {
						CreatedOnToolsVersion = 12.4;
					};
				};
			};
			buildConfigurationList = 7381FAF12625B89C0032C898 /* Build configuration list for PBXProject "MatchingApp" */;
			compatibilityVersion = "Xcode 9.3";
			developmentRegion = en;
			hasScannedForEncodings = 0;
			knownRegions = (
				en,
				Base,
			);
			mainGroup = 7381FAED2625B89C0032C898;
			packageReferences = (
				7304C10E2626AC9200276DF0 /* XCRemoteSwiftPackageReference "RxSwift" */,
				7389DCA3262D34FB00A33B19 /* XCRemoteSwiftPackageReference "PKHUD" */,
			);
			productRefGroup = 7381FAF72625B89C0032C898 /* Products */;
			projectDirPath = "";
			projectRoot = "";
			targets = (
				7381FAF52625B89C0032C898 /* MatchingApp */,
			);
		};
/* End PBXProject section */

/* Begin PBXResourcesBuildPhase section */
		7381FAF42625B89C0032C898 /* Resources */ = {
			isa = PBXResourcesBuildPhase;
			buildActionMask = 2147483647;
			files = (
				7381FB062625B89D0032C898 /* LaunchScreen.storyboard in Resources */,
				7304C123262922DA00276DF0 /* GoogleService-Info.plist in Resources */,
				7304C1172626ACF200276DF0 /* .gitignore in Resources */,
				7381FB032625B89D0032C898 /* Assets.xcassets in Resources */,
			);
			runOnlyForDeploymentPostprocessing = 0;
		};
/* End PBXResourcesBuildPhase section */

/* Begin PBXShellScriptBuildPhase section */
		4800FD63E29EBA94938ADDA4 /* [CP] Check Pods Manifest.lock */ = {
			isa = PBXShellScriptBuildPhase;
			buildActionMask = 2147483647;
			files = (
			);
			inputFileListPaths = (
			);
			inputPaths = (
				"${PODS_PODFILE_DIR_PATH}/Podfile.lock",
				"${PODS_ROOT}/Manifest.lock",
			);
			name = "[CP] Check Pods Manifest.lock";
			outputFileListPaths = (
			);
			outputPaths = (
				"$(DERIVED_FILE_DIR)/Pods-MatchingApp-checkManifestLockResult.txt",
			);
			runOnlyForDeploymentPostprocessing = 0;
			shellPath = /bin/sh;
			shellScript = "diff \"${PODS_PODFILE_DIR_PATH}/Podfile.lock\" \"${PODS_ROOT}/Manifest.lock\" > /dev/null\nif [ $? != 0 ] ; then\n    # print error to STDERR\n    echo \"error: The sandbox is not in sync with the Podfile.lock. Run 'pod install' or update your CocoaPods installation.\" >&2\n    exit 1\nfi\n# This output is used by Xcode 'outputs' to avoid re-running this script phase.\necho \"SUCCESS\" > \"${SCRIPT_OUTPUT_FILE_0}\"\n";
			showEnvVarsInLog = 0;
		};
		F48591CD5E7E68DE6C44D49C /* [CP] Embed Pods Frameworks */ = {
			isa = PBXShellScriptBuildPhase;
			buildActionMask = 2147483647;
			files = (
			);
			inputFileListPaths = (
				"${PODS_ROOT}/Target Support Files/Pods-MatchingApp/Pods-MatchingApp-frameworks-${CONFIGURATION}-input-files.xcfilelist",
			);
			name = "[CP] Embed Pods Frameworks";
			outputFileListPaths = (
				"${PODS_ROOT}/Target Support Files/Pods-MatchingApp/Pods-MatchingApp-frameworks-${CONFIGURATION}-output-files.xcfilelist",
			);
			runOnlyForDeploymentPostprocessing = 0;
			shellPath = /bin/sh;
			shellScript = "\"${PODS_ROOT}/Target Support Files/Pods-MatchingApp/Pods-MatchingApp-frameworks.sh\"\n";
			showEnvVarsInLog = 0;
		};
/* End PBXShellScriptBuildPhase section */

/* Begin PBXSourcesBuildPhase section */
		7381FAF22625B89C0032C898 /* Sources */ = {
			isa = PBXSourcesBuildPhase;
			buildActionMask = 2147483647;
			files = (
				738E44312629326D008FB8DC /* CardInfoLabel.swift in Sources */,
				7304C10C2626A1C900276DF0 /* TopControlView.swift in Sources */,
				7304C1322629247A00276DF0 /* RegisterViewController.swift in Sources */,
				7304C13C26292A8400276DF0 /* RegisterTitleLabel.swift in Sources */,
				73EDCA4E262BAE36000A3A92 /* LoginViewController.swift in Sources */,
				730B81F82631044300F558D4 /* CheckPermission.swift in Sources */,
				7381FAFE2625B89C0032C898 /* HomeViewController.swift in Sources */,
				7304C1382629285D00276DF0 /* RegisterTextField.swift in Sources */,
				738E443726293D84008FB8DC /* CardImageView.swift in Sources */,
				7389DCA9262D4B3600A33B19 /* User.swift in Sources */,
				73B711C9262A81D7009D762A /* RegisterViewModel.swift in Sources */,
				73B711CD262B2721009D762A /* Firebase-Extension.swift in Sources */,
				7381FAFA2625B89C0032C898 /* AppDelegate.swift in Sources */,
				738E442E26292F31008FB8DC /* RegisterButton.swift in Sources */,
				7304C11A2627CD6000276DF0 /* UIView-Extension.swift in Sources */,
				7304C1202627FE9D00276DF0 /* UIColor-Extension.swift in Sources */,
				7381FAFC2625B89C0032C898 /* SceneDelegate.swift in Sources */,
				7389DCB1262D97B400A33B19 /* ProfileImageView.swift in Sources */,
				7389DCB5262D988800A33B19 /* ProfileLabel.swift in Sources */,
				7315E868262E8B9800D3546A /* ProfileTextField.swift in Sources */,
				7381FB152625C5A20032C898 /* BottomControlView.swift in Sources */,
				7304C11D2627D89B00276DF0 /* CardView.swift in Sources */,
				7389DCAD262D7AA800A33B19 /* ProfileViewController.swift in Sources */,
				7315E86D262E915A00D3546A /* InfoCollectionViewCell.swift in Sources */,
				738E443426293C74008FB8DC /* UIButton-Extension.swift in Sources */,
				7381FB1A2625DCCE0032C898 /* UIImage-Extension.swift in Sources */,
			);
			runOnlyForDeploymentPostprocessing = 0;
		};
/* End PBXSourcesBuildPhase section */

/* Begin PBXVariantGroup section */
		7381FB042625B89D0032C898 /* LaunchScreen.storyboard */ = {
			isa = PBXVariantGroup;
			children = (
				7381FB052625B89D0032C898 /* Base */,
			);
			name = LaunchScreen.storyboard;
			sourceTree = "<group>";
		};
/* End PBXVariantGroup section */

/* Begin XCBuildConfiguration section */
		7381FB082625B89D0032C898 /* Debug */ = {
			isa = XCBuildConfiguration;
			buildSettings = {
				ALWAYS_SEARCH_USER_PATHS = NO;
				CLANG_ANALYZER_NONNULL = YES;
				CLANG_ANALYZER_NUMBER_OBJECT_CONVERSION = YES_AGGRESSIVE;
				CLANG_CXX_LANGUAGE_STANDARD = "gnu++14";
				CLANG_CXX_LIBRARY = "libc++";
				CLANG_ENABLE_MODULES = YES;
				CLANG_ENABLE_OBJC_ARC = YES;
				CLANG_ENABLE_OBJC_WEAK = YES;
				CLANG_WARN_BLOCK_CAPTURE_AUTORELEASING = YES;
				CLANG_WARN_BOOL_CONVERSION = YES;
				CLANG_WARN_COMMA = YES;
				CLANG_WARN_CONSTANT_CONVERSION = YES;
				CLANG_WARN_DEPRECATED_OBJC_IMPLEMENTATIONS = YES;
				CLANG_WARN_DIRECT_OBJC_ISA_USAGE = YES_ERROR;
				CLANG_WARN_DOCUMENTATION_COMMENTS = YES;
				CLANG_WARN_EMPTY_BODY = YES;
				CLANG_WARN_ENUM_CONVERSION = YES;
				CLANG_WARN_INFINITE_RECURSION = YES;
				CLANG_WARN_INT_CONVERSION = YES;
				CLANG_WARN_NON_LITERAL_NULL_CONVERSION = YES;
				CLANG_WARN_OBJC_IMPLICIT_RETAIN_SELF = YES;
				CLANG_WARN_OBJC_LITERAL_CONVERSION = YES;
				CLANG_WARN_OBJC_ROOT_CLASS = YES_ERROR;
				CLANG_WARN_QUOTED_INCLUDE_IN_FRAMEWORK_HEADER = YES;
				CLANG_WARN_RANGE_LOOP_ANALYSIS = YES;
				CLANG_WARN_STRICT_PROTOTYPES = YES;
				CLANG_WARN_SUSPICIOUS_MOVE = YES;
				CLANG_WARN_UNGUARDED_AVAILABILITY = YES_AGGRESSIVE;
				CLANG_WARN_UNREACHABLE_CODE = YES;
				CLANG_WARN__DUPLICATE_METHOD_MATCH = YES;
				COPY_PHASE_STRIP = NO;
				DEBUG_INFORMATION_FORMAT = dwarf;
				ENABLE_STRICT_OBJC_MSGSEND = YES;
				ENABLE_TESTABILITY = YES;
				GCC_C_LANGUAGE_STANDARD = gnu11;
				GCC_DYNAMIC_NO_PIC = NO;
				GCC_NO_COMMON_BLOCKS = YES;
				GCC_OPTIMIZATION_LEVEL = 0;
				GCC_PREPROCESSOR_DEFINITIONS = (
					"DEBUG=1",
					"$(inherited)",
				);
				GCC_WARN_64_TO_32_BIT_CONVERSION = YES;
				GCC_WARN_ABOUT_RETURN_TYPE = YES_ERROR;
				GCC_WARN_UNDECLARED_SELECTOR = YES;
				GCC_WARN_UNINITIALIZED_AUTOS = YES_AGGRESSIVE;
				GCC_WARN_UNUSED_FUNCTION = YES;
				GCC_WARN_UNUSED_VARIABLE = YES;
				IPHONEOS_DEPLOYMENT_TARGET = 14.4;
				MTL_ENABLE_DEBUG_INFO = INCLUDE_SOURCE;
				MTL_FAST_MATH = YES;
				ONLY_ACTIVE_ARCH = YES;
				SDKROOT = iphoneos;
				SWIFT_ACTIVE_COMPILATION_CONDITIONS = DEBUG;
				SWIFT_OPTIMIZATION_LEVEL = "-Onone";
			};
			name = Debug;
		};
		7381FB092625B89D0032C898 /* Release */ = {
			isa = XCBuildConfiguration;
			buildSettings = {
				ALWAYS_SEARCH_USER_PATHS = NO;
				CLANG_ANALYZER_NONNULL = YES;
				CLANG_ANALYZER_NUMBER_OBJECT_CONVERSION = YES_AGGRESSIVE;
				CLANG_CXX_LANGUAGE_STANDARD = "gnu++14";
				CLANG_CXX_LIBRARY = "libc++";
				CLANG_ENABLE_MODULES = YES;
				CLANG_ENABLE_OBJC_ARC = YES;
				CLANG_ENABLE_OBJC_WEAK = YES;
				CLANG_WARN_BLOCK_CAPTURE_AUTORELEASING = YES;
				CLANG_WARN_BOOL_CONVERSION = YES;
				CLANG_WARN_COMMA = YES;
				CLANG_WARN_CONSTANT_CONVERSION = YES;
				CLANG_WARN_DEPRECATED_OBJC_IMPLEMENTATIONS = YES;
				CLANG_WARN_DIRECT_OBJC_ISA_USAGE = YES_ERROR;
				CLANG_WARN_DOCUMENTATION_COMMENTS = YES;
				CLANG_WARN_EMPTY_BODY = YES;
				CLANG_WARN_ENUM_CONVERSION = YES;
				CLANG_WARN_INFINITE_RECURSION = YES;
				CLANG_WARN_INT_CONVERSION = YES;
				CLANG_WARN_NON_LITERAL_NULL_CONVERSION = YES;
				CLANG_WARN_OBJC_IMPLICIT_RETAIN_SELF = YES;
				CLANG_WARN_OBJC_LITERAL_CONVERSION = YES;
				CLANG_WARN_OBJC_ROOT_CLASS = YES_ERROR;
				CLANG_WARN_QUOTED_INCLUDE_IN_FRAMEWORK_HEADER = YES;
				CLANG_WARN_RANGE_LOOP_ANALYSIS = YES;
				CLANG_WARN_STRICT_PROTOTYPES = YES;
				CLANG_WARN_SUSPICIOUS_MOVE = YES;
				CLANG_WARN_UNGUARDED_AVAILABILITY = YES_AGGRESSIVE;
				CLANG_WARN_UNREACHABLE_CODE = YES;
				CLANG_WARN__DUPLICATE_METHOD_MATCH = YES;
				COPY_PHASE_STRIP = NO;
				DEBUG_INFORMATION_FORMAT = "dwarf-with-dsym";
				ENABLE_NS_ASSERTIONS = NO;
				ENABLE_STRICT_OBJC_MSGSEND = YES;
				GCC_C_LANGUAGE_STANDARD = gnu11;
				GCC_NO_COMMON_BLOCKS = YES;
				GCC_WARN_64_TO_32_BIT_CONVERSION = YES;
				GCC_WARN_ABOUT_RETURN_TYPE = YES_ERROR;
				GCC_WARN_UNDECLARED_SELECTOR = YES;
				GCC_WARN_UNINITIALIZED_AUTOS = YES_AGGRESSIVE;
				GCC_WARN_UNUSED_FUNCTION = YES;
				GCC_WARN_UNUSED_VARIABLE = YES;
				IPHONEOS_DEPLOYMENT_TARGET = 14.4;
				MTL_ENABLE_DEBUG_INFO = NO;
				MTL_FAST_MATH = YES;
				SDKROOT = iphoneos;
				SWIFT_COMPILATION_MODE = wholemodule;
				SWIFT_OPTIMIZATION_LEVEL = "-O";
				VALIDATE_PRODUCT = YES;
			};
			name = Release;
		};
		7381FB0B2625B89D0032C898 /* Debug */ = {
			isa = XCBuildConfiguration;
			baseConfigurationReference = 4B5AFE227456AF0B631B5548 /* Pods-MatchingApp.debug.xcconfig */;
			buildSettings = {
				ASSETCATALOG_COMPILER_APPICON_NAME = AppIcon;
				ASSETCATALOG_COMPILER_GLOBAL_ACCENT_COLOR_NAME = AccentColor;
				CODE_SIGN_STYLE = Automatic;
				DEVELOPMENT_TEAM = S78A992BV6;
				INFOPLIST_FILE = MatchingApp/Info.plist;
				LD_RUNPATH_SEARCH_PATHS = (
					"$(inherited)",
					"@executable_path/Frameworks",
				);
				PRODUCT_BUNDLE_IDENTIFIER = com.genzo.MatchingApp;
				PRODUCT_NAME = "$(TARGET_NAME)";
				SWIFT_VERSION = 5.0;
				TARGETED_DEVICE_FAMILY = "1,2";
			};
			name = Debug;
		};
		7381FB0C2625B89D0032C898 /* Release */ = {
			isa = XCBuildConfiguration;
			baseConfigurationReference = C1563188793593FC8C4BAF69 /* Pods-MatchingApp.release.xcconfig */;
			buildSettings = {
				ASSETCATALOG_COMPILER_APPICON_NAME = AppIcon;
				ASSETCATALOG_COMPILER_GLOBAL_ACCENT_COLOR_NAME = AccentColor;
				CODE_SIGN_STYLE = Automatic;
				DEVELOPMENT_TEAM = S78A992BV6;
				INFOPLIST_FILE = MatchingApp/Info.plist;
				LD_RUNPATH_SEARCH_PATHS = (
					"$(inherited)",
					"@executable_path/Frameworks",
				);
				PRODUCT_BUNDLE_IDENTIFIER = com.genzo.MatchingApp;
				PRODUCT_NAME = "$(TARGET_NAME)";
				SWIFT_VERSION = 5.0;
				TARGETED_DEVICE_FAMILY = "1,2";
			};
			name = Release;
		};
/* End XCBuildConfiguration section */

/* Begin XCConfigurationList section */
		7381FAF12625B89C0032C898 /* Build configuration list for PBXProject "MatchingApp" */ = {
			isa = XCConfigurationList;
			buildConfigurations = (
				7381FB082625B89D0032C898 /* Debug */,
				7381FB092625B89D0032C898 /* Release */,
			);
			defaultConfigurationIsVisible = 0;
			defaultConfigurationName = Release;
		};
		7381FB0A2625B89D0032C898 /* Build configuration list for PBXNativeTarget "MatchingApp" */ = {
			isa = XCConfigurationList;
			buildConfigurations = (
				7381FB0B2625B89D0032C898 /* Debug */,
				7381FB0C2625B89D0032C898 /* Release */,
			);
			defaultConfigurationIsVisible = 0;
			defaultConfigurationName = Release;
		};
/* End XCConfigurationList section */

/* Begin XCRemoteSwiftPackageReference section */
		7304C10E2626AC9200276DF0 /* XCRemoteSwiftPackageReference "RxSwift" */ = {
			isa = XCRemoteSwiftPackageReference;
			repositoryURL = "https://github.com/ReactiveX/RxSwift";
			requirement = {
				kind = exactVersion;
				version = 6.0.0;
			};
		};
		7389DCA3262D34FB00A33B19 /* XCRemoteSwiftPackageReference "PKHUD" */ = {
			isa = XCRemoteSwiftPackageReference;
			repositoryURL = "https://github.com/pkluz/PKHUD";
			requirement = {
				kind = upToNextMajorVersion;
				minimumVersion = 5.4.0;
			};
		};
/* End XCRemoteSwiftPackageReference section */

/* Begin XCSwiftPackageProductDependency section */
		7304C10F2626AC9200276DF0 /* RxSwift */ = {
			isa = XCSwiftPackageProductDependency;
			package = 7304C10E2626AC9200276DF0 /* XCRemoteSwiftPackageReference "RxSwift" */;
			productName = RxSwift;
		};
		7304C1112626AC9200276DF0 /* RxCocoa */ = {
			isa = XCSwiftPackageProductDependency;
			package = 7304C10E2626AC9200276DF0 /* XCRemoteSwiftPackageReference "RxSwift" */;
			productName = RxCocoa;
		};
		7304C1132626AC9200276DF0 /* RxRelay */ = {
			isa = XCSwiftPackageProductDependency;
			package = 7304C10E2626AC9200276DF0 /* XCRemoteSwiftPackageReference "RxSwift" */;
			productName = RxRelay;
		};
		7389DCA4262D34FB00A33B19 /* PKHUD */ = {
			isa = XCSwiftPackageProductDependency;
			package = 7389DCA3262D34FB00A33B19 /* XCRemoteSwiftPackageReference "PKHUD" */;
			productName = PKHUD;
		};
/* End XCSwiftPackageProductDependency section */
	};
	rootObject = 7381FAEE2625B89C0032C898 /* Project object */;
}
